
Microsoft Visual Studio Solution File, Format Version 12.00
# Visual Studio 15
VisualStudioVersion = 15.0.28010.2003
MinimumVisualStudioVersion = 10.0.40219.1
Project("{FAE04EC0-301F-11D3-BF4B-00C04F79EFBC}") = "YTSubConverter", "YTSubConverter\YTSubConverter.csproj", "{FE339CAD-14BD-43DB-A700-5DDC8B75F43B}"
EndProject
Global
	GlobalSection(SolutionConfigurationPlatforms) = preSolution
		Debug|Any CPU = Debug|Any CPU
		Release|Any CPU = Release|Any CPU
	EndGlobalSection
	GlobalSection(ProjectConfigurationPlatforms) = postSolution
		{FE339CAD-14BD-43DB-A700-5DDC8B75F43B}.Debug|Any CPU.ActiveCfg = Debug|Any CPU
		{FE339CAD-14BD-43DB-A700-5DDC8B75F43B}.Debug|Any CPU.Build.0 = Debug|Any CPU
		{FE339CAD-14BD-43DB-A700-5DDC8B75F43B}.Release|Any CPU.ActiveCfg = Release|Any CPU
		{FE339CAD-14BD-43DB-A700-5DDC8B75F43B}.Release|Any CPU.Build.0 = Release|Any CPU
	EndGlobalSection
	GlobalSection(SolutionProperties) = preSolution
		HideSolutionNode = FALSE
	EndGlobalSection
	GlobalSection(ExtensibilityGlobals) = postSolution
		SolutionGuid = {14101539-4CBF-484E-9C0A-CC35B6A13C41}
	EndGlobalSection
EndGlobal
